
Microsoft Visual Studio Solution File, Format Version 12.00
# Visual Studio Version 17
VisualStudioVersion = 17.8.34322.80
MinimumVisualStudioVersion = 10.0.40219.1
Project("{FAE04EC0-301F-11D3-BF4B-00C04F79EFBC}") = "Observer", "Observer.csproj", "{08E4E91C-9A8F-4E9A-B31A-0712906E21D4}"
EndProject
Global
	GlobalSection(SolutionConfigurationPlatforms) = preSolution
		Debug|Any CPU = Debug|Any CPU
		Release|Any CPU = Release|Any CPU
	EndGlobalSection
	GlobalSection(ProjectConfigurationPlatforms) = postSolution
		{08E4E91C-9A8F-4E9A-B31A-0712906E21D4}.Debug|Any CPU.ActiveCfg = Debug|Any CPU
		{08E4E91C-9A8F-4E9A-B31A-0712906E21D4}.Debug|Any CPU.Build.0 = Debug|Any CPU
		{08E4E91C-9A8F-4E9A-B31A-0712906E21D4}.Release|Any CPU.ActiveCfg = Release|Any CPU
		{08E4E91C-9A8F-4E9A-B31A-0712906E21D4}.Release|Any CPU.Build.0 = Release|Any CPU
	EndGlobalSection
	GlobalSection(SolutionProperties) = preSolution
		HideSolutionNode = FALSE
	EndGlobalSection
	GlobalSection(ExtensibilityGlobals) = postSolution
		SolutionGuid = {2941F105-B2B5-4A26-8F2D-55C7DD6DAB33}
	EndGlobalSection
EndGlobal
